<?xml version="1.0" encoding="utf-8"?>
<Project ToolsVersion="4.0" xmlns="http://schemas.microsoft.com/developer/msbuild/2003">
  <ItemGroup>
    <Filter Include="Файлы заголовков">
      <UniqueIdentifier>{93995380-89BD-4b04-88EB-625FBE52EBFB}</UniqueIdentifier>
      <Extensions>h;hh;hpp;hxx;h++;hm;inl;inc;ipp;xsd</Extensions>
    </Filter>
    <Filter Include="Файлы ресурсов">
      <UniqueIdentifier>{67DA6AB6-F800-4c08-8B7A-83BB121AAD01}</UniqueIdentifier>
      <Extensions>rc;ico;cur;bmp;dlg;rc2;rct;bin;rgs;gif;jpg;jpeg;jpe;resx;tiff;tif;png;wav;mfcribbon-ms</Extensions>
    </Filter>
    <Filter Include="Task1">
      <UniqueIdentifier>{ae37ec93-cba1-410e-a5ac-c11582fb99d9}</UniqueIdentifier>
    </Filter>
    <Filter Include="Task2">
      <UniqueIdentifier>{6f778676-9333-4481-8037-3dc972c1d68c}</UniqueIdentifier>
    </Filter>
    <Filter Include="Task3">
      <UniqueIdentifier>{d71c2960-9ee7-4651-b834-a245be6f0aad}</UniqueIdentifier>
    </Filter>
    <Filter Include="Task4">
      <UniqueIdentifier>{78f4966f-ad73-4a14-9a0b-c80f81fde59b}</UniqueIdentifier>
    </Filter>
    <Filter Include="main">
      <UniqueIdentifier>{4FC737F1-C7A5-4376-A066-2A32D752A2FF}</UniqueIdentifier>
      <Extensions>cpp;c;cc;cxx;c++;cppm;ixx;def;odl;idl;hpj;bat;asm;asmx</Extensions>
    </Filter>
    <Filter Include="Task5">
      <UniqueIdentifier>{2a62cf1b-dda4-46b5-97d4-781540a39db2}</UniqueIdentifier>
    </Filter>
  </ItemGroup>
  <ItemGroup>
    <ClCompile Include="main.cpp">
      <Filter>main</Filter>
    </ClCompile>
    <ClCompile Include="Task1.ixx">
      <Filter>Task1</Filter>
    </ClCompile>
    <ClCompile Include="Task2.cpp">
      <Filter>Task2</Filter>
    </ClCompile>
    <ClCompile Include="Task2.ixx">
      <Filter>Task2</Filter>
    </ClCompile>
    <ClCompile Include="Task3.fun1.cpp">
      <Filter>Task3</Filter>
    </ClCompile>
    <ClCompile Include="Task3.fun2.cpp">
      <Filter>Task3</Filter>
    </ClCompile>
    <ClCompile Include="Task3.fun3.cpp">
      <Filter>Task3</Filter>
    </ClCompile>
    <ClCompile Include="Task3.fun4.cpp">
      <Filter>Task3</Filter>
    </ClCompile>
    <ClCompile Include="Task3.ixx">
      <Filter>Task3</Filter>
    </ClCompile>
    <ClCompile Include="Task3.funA.cpp">
      <Filter>Task3</Filter>
    </ClCompile>
    <ClCompile Include="Task4.ixx">
      <Filter>Task4</Filter>
    </ClCompile>
    <ClCompile Include="fun1.cpp">
      <Filter>Task4</Filter>
    </ClCompile>
    <ClCompile Include="fun1.ixx">
      <Filter>Task4</Filter>
    </ClCompile>
    <ClCompile Include="fun2.cpp">
      <Filter>Task4</Filter>
    </ClCompile>
    <ClCompile Include="fun2.ixx">
      <Filter>Task4</Filter>
    </ClCompile>
    <ClCompile Include="fun3.cpp">
      <Filter>Task4</Filter>
    </ClCompile>
    <ClCompile Include="fun3.ixx">
      <Filter>Task4</Filter>
    </ClCompile>
    <ClCompile Include="fun4.cpp">
      <Filter>Task4</Filter>
    </ClCompile>
    <ClCompile Include="fun4.ixx">
      <Filter>Task4</Filter>
    </ClCompile>
    <ClCompile Include="funA.cpp">
      <Filter>Task4</Filter>
    </ClCompile>
    <ClCompile Include="funA.ixx">
      <Filter>Task4</Filter>
    </ClCompile>
    <ClCompile Include="Task5.ixx">
      <Filter>Task5</Filter>
    </ClCompile>
  </ItemGroup>
</Project>